
Microsoft Visual Studio Solution File, Format Version 12.00
# Visual Studio Version 16
VisualStudioVersion = 16.0.31205.134
MinimumVisualStudioVersion = 10.0.40219.1
Project("{FAE04EC0-301F-11D3-BF4B-00C04F79EFBC}") = "BuscaFuncionarios", "BuscaFuncionarios\BuscaFuncionarios.csproj", "{93DA5207-217C-4972-B96F-8A87B12431F5}"
EndProject
Global
	GlobalSection(SolutionConfigurationPlatforms) = preSolution
		Debug|Any CPU = Debug|Any CPU
		Release|Any CPU = Release|Any CPU
	EndGlobalSection
	GlobalSection(ProjectConfigurationPlatforms) = postSolution
		{93DA5207-217C-4972-B96F-8A87B12431F5}.Debug|Any CPU.ActiveCfg = Debug|Any CPU
		{93DA5207-217C-4972-B96F-8A87B12431F5}.Debug|Any CPU.Build.0 = Debug|Any CPU
		{93DA5207-217C-4972-B96F-8A87B12431F5}.Release|Any CPU.ActiveCfg = Release|Any CPU
		{93DA5207-217C-4972-B96F-8A87B12431F5}.Release|Any CPU.Build.0 = Release|Any CPU
	EndGlobalSection
	GlobalSection(SolutionProperties) = preSolution
		HideSolutionNode = FALSE
	EndGlobalSection
	GlobalSection(ExtensibilityGlobals) = postSolution
		SolutionGuid = {AD083786-817B-4E1D-A8C6-894B04A345AC}
	EndGlobalSection
EndGlobal
